
Microsoft Visual Studio Solution File, Format Version 12.00
# Visual Studio Version 17
VisualStudioVersion = 17.10.35004.147
MinimumVisualStudioVersion = 10.0.40219.1
Project("{FAE04EC0-301F-11D3-BF4B-00C04F79EFBC}") = "venerdì", "venerdì.csproj", "{4D34A603-C53B-49ED-8FD3-3646B8C79339}"
EndProject
Global
	GlobalSection(SolutionConfigurationPlatforms) = preSolution
		Debug|Any CPU = Debug|Any CPU
		Release|Any CPU = Release|Any CPU
	EndGlobalSection
	GlobalSection(ProjectConfigurationPlatforms) = postSolution
		{4D34A603-C53B-49ED-8FD3-3646B8C79339}.Debug|Any CPU.ActiveCfg = Debug|Any CPU
		{4D34A603-C53B-49ED-8FD3-3646B8C79339}.Debug|Any CPU.Build.0 = Debug|Any CPU
		{4D34A603-C53B-49ED-8FD3-3646B8C79339}.Release|Any CPU.ActiveCfg = Release|Any CPU
		{4D34A603-C53B-49ED-8FD3-3646B8C79339}.Release|Any CPU.Build.0 = Release|Any CPU
	EndGlobalSection
	GlobalSection(SolutionProperties) = preSolution
		HideSolutionNode = FALSE
	EndGlobalSection
	GlobalSection(ExtensibilityGlobals) = postSolution
		SolutionGuid = {14F90917-8413-4259-AC6F-190C34E57CC1}
	EndGlobalSection
EndGlobal
