
Microsoft Visual Studio Solution File, Format Version 12.00
# Visual Studio Version 17
VisualStudioVersion = 17.10.35004.147
MinimumVisualStudioVersion = 10.0.40219.1
Project("{FAE04EC0-301F-11D3-BF4B-00C04F79EFBC}") = "esercizio3(2)", "esercizio3(2)\esercizio3(2).csproj", "{D60EEBFF-2ED8-4768-8E78-CC0880490ADD}"
EndProject
Global
	GlobalSection(SolutionConfigurationPlatforms) = preSolution
		Debug|Any CPU = Debug|Any CPU
		Release|Any CPU = Release|Any CPU
	EndGlobalSection
	GlobalSection(ProjectConfigurationPlatforms) = postSolution
		{D60EEBFF-2ED8-4768-8E78-CC0880490ADD}.Debug|Any CPU.ActiveCfg = Debug|Any CPU
		{D60EEBFF-2ED8-4768-8E78-CC0880490ADD}.Debug|Any CPU.Build.0 = Debug|Any CPU
		{D60EEBFF-2ED8-4768-8E78-CC0880490ADD}.Release|Any CPU.ActiveCfg = Release|Any CPU
		{D60EEBFF-2ED8-4768-8E78-CC0880490ADD}.Release|Any CPU.Build.0 = Release|Any CPU
	EndGlobalSection
	GlobalSection(SolutionProperties) = preSolution
		HideSolutionNode = FALSE
	EndGlobalSection
	GlobalSection(ExtensibilityGlobals) = postSolution
		SolutionGuid = {A0429482-711C-4805-B7F1-88E1BFA60C36}
	EndGlobalSection
EndGlobal
